
Microsoft Visual Studio Solution File, Format Version 12.00
# Visual Studio Version 17
VisualStudioVersion = 17.12.35309.182
MinimumVisualStudioVersion = 10.0.40219.1
Project("{FAE04EC0-301F-11D3-BF4B-00C04F79EFBC}") = "BlazorAppLogan_nov20_cl2", "BlazorAppLogan_nov20_cl2.csproj", "{579D69FF-DDCB-435F-9B04-AD7060B36A06}"
EndProject
Global
	GlobalSection(SolutionConfigurationPlatforms) = preSolution
		Debug|Any CPU = Debug|Any CPU
		Release|Any CPU = Release|Any CPU
	EndGlobalSection
	GlobalSection(ProjectConfigurationPlatforms) = postSolution
		{579D69FF-DDCB-435F-9B04-AD7060B36A06}.Debug|Any CPU.ActiveCfg = Debug|Any CPU
		{579D69FF-DDCB-435F-9B04-AD7060B36A06}.Debug|Any CPU.Build.0 = Debug|Any CPU
		{579D69FF-DDCB-435F-9B04-AD7060B36A06}.Release|Any CPU.ActiveCfg = Release|Any CPU
		{579D69FF-DDCB-435F-9B04-AD7060B36A06}.Release|Any CPU.Build.0 = Release|Any CPU
	EndGlobalSection
	GlobalSection(SolutionProperties) = preSolution
		HideSolutionNode = FALSE
	EndGlobalSection
	GlobalSection(ExtensibilityGlobals) = postSolution
		SolutionGuid = {ABD5031B-0342-4087-AE80-7C61A4333807}
	EndGlobalSection
EndGlobal
